
Microsoft Visual Studio Solution File, Format Version 12.00
# Visual Studio Version 16
VisualStudioVersion = 16.0.808.4
MinimumVisualStudioVersion = 10.0.40219.1
Project("{FAE04EC0-301F-11D3-BF4B-00C04F79EFBC}") = "INCONCEIVABLE-FOAL.Data", "INCONCEIVABLE-FOAL.Data.csproj", "{5C1819E8-88B3-47C8-BA18-8141A40EC3BC}"
EndProject
Global
	GlobalSection(SolutionConfigurationPlatforms) = preSolution
		Debug|Any CPU = Debug|Any CPU
		Release|Any CPU = Release|Any CPU
	EndGlobalSection
	GlobalSection(ProjectConfigurationPlatforms) = postSolution
		{5C1819E8-88B3-47C8-BA18-8141A40EC3BC}.Debug|Any CPU.ActiveCfg = Debug|Any CPU
		{5C1819E8-88B3-47C8-BA18-8141A40EC3BC}.Debug|Any CPU.Build.0 = Debug|Any CPU
		{5C1819E8-88B3-47C8-BA18-8141A40EC3BC}.Release|Any CPU.ActiveCfg = Release|Any CPU
		{5C1819E8-88B3-47C8-BA18-8141A40EC3BC}.Release|Any CPU.Build.0 = Release|Any CPU
	EndGlobalSection
	GlobalSection(SolutionProperties) = preSolution
		HideSolutionNode = FALSE
	EndGlobalSection
	GlobalSection(ExtensibilityGlobals) = postSolution
		SolutionGuid = {61C03191-809C-44B1-A87F-A7A885D177DE}
	EndGlobalSection
EndGlobal
